// !$*UTF8*$!
{
	archiveVersion = 1;
	classes = {
	};
	objectVersion = 77;
	objects = {

/* Begin PBXBuildFile section */
		60EB8E672DB1052100CF6B6D /* Config.xcconfig in Resources */ = {isa = PBXBuildFile; fileRef = 60EB8E662DB1051300CF6B6D /* Config.xcconfig */; };
/* End PBXBuildFile section */

/* Begin PBXContainerItemProxy section */
		5D10A5292DAD64E700BD54E5 /* PBXContainerItemProxy */ = {
			isa = PBXContainerItemProxy;
			containerPortal = 5D10A5132DAD64E600BD54E5 /* Project object */;
			proxyType = 1;
			remoteGlobalIDString = 5D10A51A2DAD64E600BD54E5;
			remoteInfo = cardentification;
		};
		5D10A5332DAD64E700BD54E5 /* PBXContainerItemProxy */ = {
			isa = PBXContainerItemProxy;
			containerPortal = 5D10A5132DAD64E600BD54E5 /* Project object */;
			proxyType = 1;
			remoteGlobalIDString = 5D10A51A2DAD64E600BD54E5;
			remoteInfo = cardentification;
		};
/* End PBXContainerItemProxy section */

/* Begin PBXFileReference section */
		5D10A51B2DAD64E600BD54E5 /* cardentification.app */ = {isa = PBXFileReference; explicitFileType = wrapper.application; includeInIndex = 0; path = cardentification.app; sourceTree = BUILT_PRODUCTS_DIR; };
		5D10A5282DAD64E700BD54E5 /* cardentificationTests.xctest */ = {isa = PBXFileReference; explicitFileType = wrapper.cfbundle; includeInIndex = 0; path = cardentificationTests.xctest; sourceTree = BUILT_PRODUCTS_DIR; };
		5D10A5322DAD64E700BD54E5 /* cardentificationUITests.xctest */ = {isa = PBXFileReference; explicitFileType = wrapper.cfbundle; includeInIndex = 0; path = cardentificationUITests.xctest; sourceTree = BUILT_PRODUCTS_DIR; };
		60EB8E662DB1051300CF6B6D /* Config.xcconfig */ = {isa = PBXFileReference; lastKnownFileType = text.xcconfig; path = Config.xcconfig; sourceTree = "<group>"; };
/* End PBXFileReference section */

/* Begin PBXFileSystemSynchronizedBuildFileExceptionSet section */
		5D6D56F92DADA6500099F3DD /* Exceptions for "cardentification" folder in "cardentification" target */ = {
			isa = PBXFileSystemSynchronizedBuildFileExceptionSet;
			membershipExceptions = (
				Info.plist,
			);
			target = 5D10A51A2DAD64E600BD54E5 /* cardentification */;
		};
/* End PBXFileSystemSynchronizedBuildFileExceptionSet section */

/* Begin PBXFileSystemSynchronizedRootGroup section */
		5D10A51D2DAD64E600BD54E5 /* cardentification */ = {
			isa = PBXFileSystemSynchronizedRootGroup;
			exceptions = (
				5D6D56F92DADA6500099F3DD /* Exceptions for "cardentification" folder in "cardentification" target */,
			);
			path = cardentification;
			sourceTree = "<group>";
		};
		5D10A52B2DAD64E700BD54E5 /* cardentificationTests */ = {
			isa = PBXFileSystemSynchronizedRootGroup;
			path = cardentificationTests;
			sourceTree = "<group>";
		};
		5D10A5352DAD64E700BD54E5 /* cardentificationUITests */ = {
			isa = PBXFileSystemSynchronizedRootGroup;
			path = cardentificationUITests;
			sourceTree = "<group>";
		};
/* End PBXFileSystemSynchronizedRootGroup section */

/* Begin PBXFrameworksBuildPhase section */
		5D10A5182DAD64E600BD54E5 /* Frameworks */ = {
			isa = PBXFrameworksBuildPhase;
			buildActionMask = 2147483647;
			files = (
			);
			runOnlyForDeploymentPostprocessing = 0;
		};
		5D10A5252DAD64E700BD54E5 /* Frameworks */ = {
			isa = PBXFrameworksBuildPhase;
			buildActionMask = 2147483647;
			files = (
			);
			runOnlyForDeploymentPostprocessing = 0;
		};
		5D10A52F2DAD64E700BD54E5 /* Frameworks */ = {
			isa = PBXFrameworksBuildPhase;
			buildActionMask = 2147483647;
			files = (
			);
			runOnlyForDeploymentPostprocessing = 0;
		};
/* End PBXFrameworksBuildPhase section */

/* Begin PBXGroup section */
		5D10A5122DAD64E600BD54E5 = {
			isa = PBXGroup;
			children = (
				60EB8E662DB1051300CF6B6D /* Config.xcconfig */,
				5D10A51D2DAD64E600BD54E5 /* cardentification */,
				5D10A52B2DAD64E700BD54E5 /* cardentificationTests */,
				5D10A5352DAD64E700BD54E5 /* cardentificationUITests */,
				5D10A51C2DAD64E600BD54E5 /* Products */,
			);
			sourceTree = "<group>";
		};
		5D10A51C2DAD64E600BD54E5 /* Products */ = {
			isa = PBXGroup;
			children = (
				5D10A51B2DAD64E600BD54E5 /* cardentification.app */,
				5D10A5282DAD64E700BD54E5 /* cardentificationTests.xctest */,
				5D10A5322DAD64E700BD54E5 /* cardentificationUITests.xctest */,
			);
			name = Products;
			sourceTree = "<group>";
		};
/* End PBXGroup section */

/* Begin PBXNativeTarget section */
		5D10A51A2DAD64E600BD54E5 /* cardentification */ = {
			isa = PBXNativeTarget;
			buildConfigurationList = 5D10A53C2DAD64E700BD54E5 /* Build configuration list for PBXNativeTarget "cardentification" */;
			buildPhases = (
				5D10A5172DAD64E600BD54E5 /* Sources */,
				5D10A5182DAD64E600BD54E5 /* Frameworks */,
				5D10A5192DAD64E600BD54E5 /* Resources */,
			);
			buildRules = (
			);
			dependencies = (
			);
			fileSystemSynchronizedGroups = (
				5D10A51D2DAD64E600BD54E5 /* cardentification */,
			);
			name = cardentification;
			packageProductDependencies = (
			);
			productName = cardentification;
			productReference = 5D10A51B2DAD64E600BD54E5 /* cardentification.app */;
			productType = "com.apple.product-type.application";
		};
		5D10A5272DAD64E700BD54E5 /* cardentificationTests */ = {
			isa = PBXNativeTarget;
			buildConfigurationList = 5D10A53F2DAD64E700BD54E5 /* Build configuration list for PBXNativeTarget "cardentificationTests" */;
			buildPhases = (
				5D10A5242DAD64E700BD54E5 /* Sources */,
				5D10A5252DAD64E700BD54E5 /* Frameworks */,
				5D10A5262DAD64E700BD54E5 /* Resources */,
			);
			buildRules = (
			);
			dependencies = (
				5D10A52A2DAD64E700BD54E5 /* PBXTargetDependency */,
			);
			fileSystemSynchronizedGroups = (
				5D10A52B2DAD64E700BD54E5 /* cardentificationTests */,
			);
			name = cardentificationTests;
			packageProductDependencies = (
			);
			productName = cardentificationTests;
			productReference = 5D10A5282DAD64E700BD54E5 /* cardentificationTests.xctest */;
			productType = "com.apple.product-type.bundle.unit-test";
		};
		5D10A5312DAD64E700BD54E5 /* cardentificationUITests */ = {
			isa = PBXNativeTarget;
			buildConfigurationList = 5D10A5422DAD64E700BD54E5 /* Build configuration list for PBXNativeTarget "cardentificationUITests" */;
			buildPhases = (
				5D10A52E2DAD64E700BD54E5 /* Sources */,
				5D10A52F2DAD64E700BD54E5 /* Frameworks */,
				5D10A5302DAD64E700BD54E5 /* Resources */,
			);
			buildRules = (
			);
			dependencies = (
				5D10A5342DAD64E700BD54E5 /* PBXTargetDependency */,
			);
			fileSystemSynchronizedGroups = (
				5D10A5352DAD64E700BD54E5 /* cardentificationUITests */,
			);
			name = cardentificationUITests;
			packageProductDependencies = (
			);
			productName = cardentificationUITests;
			productReference = 5D10A5322DAD64E700BD54E5 /* cardentificationUITests.xctest */;
			productType = "com.apple.product-type.bundle.ui-testing";
		};
/* End PBXNativeTarget section */

/* Begin PBXProject section */
		5D10A5132DAD64E600BD54E5 /* Project object */ = {
			isa = PBXProject;
			attributes = {
				BuildIndependentTargetsInParallel = 1;
				LastSwiftUpdateCheck = 1630;
				LastUpgradeCheck = 1630;
				TargetAttributes = {
					5D10A51A2DAD64E600BD54E5 = {
						CreatedOnToolsVersion = 16.3;
					};
					5D10A5272DAD64E700BD54E5 = {
						CreatedOnToolsVersion = 16.3;
						TestTargetID = 5D10A51A2DAD64E600BD54E5;
					};
					5D10A5312DAD64E700BD54E5 = {
						CreatedOnToolsVersion = 16.3;
						TestTargetID = 5D10A51A2DAD64E600BD54E5;
					};
				};
			};
			buildConfigurationList = 5D10A5162DAD64E600BD54E5 /* Build configuration list for PBXProject "cardentification" */;
			developmentRegion = en;
			hasScannedForEncodings = 0;
			knownRegions = (
				en,
				Base,
			);
			mainGroup = 5D10A5122DAD64E600BD54E5;
			minimizedProjectReferenceProxies = 1;
			preferredProjectObjectVersion = 77;
			productRefGroup = 5D10A51C2DAD64E600BD54E5 /* Products */;
			projectDirPath = "";
			projectRoot = "";
			targets = (
				5D10A51A2DAD64E600BD54E5 /* cardentification */,
				5D10A5272DAD64E700BD54E5 /* cardentificationTests */,
				5D10A5312DAD64E700BD54E5 /* cardentificationUITests */,
			);
		};
/* End PBXProject section */

/* Begin PBXResourcesBuildPhase section */
		5D10A5192DAD64E600BD54E5 /* Resources */ = {
			isa = PBXResourcesBuildPhase;
			buildActionMask = 2147483647;
			files = (
				60EB8E672DB1052100CF6B6D /* Config.xcconfig in Resources */,
			);
			runOnlyForDeploymentPostprocessing = 0;
		};
		5D10A5262DAD64E700BD54E5 /* Resources */ = {
			isa = PBXResourcesBuildPhase;
			buildActionMask = 2147483647;
			files = (
			);
			runOnlyForDeploymentPostprocessing = 0;
		};
		5D10A5302DAD64E700BD54E5 /* Resources */ = {
			isa = PBXResourcesBuildPhase;
			buildActionMask = 2147483647;
			files = (
			);
			runOnlyForDeploymentPostprocessing = 0;
		};
/* End PBXResourcesBuildPhase section */

/* Begin PBXSourcesBuildPhase section */
		5D10A5172DAD64E600BD54E5 /* Sources */ = {
			isa = PBXSourcesBuildPhase;
			buildActionMask = 2147483647;
			files = (
			);
			runOnlyForDeploymentPostprocessing = 0;
		};
		5D10A5242DAD64E700BD54E5 /* Sources */ = {
			isa = PBXSourcesBuildPhase;
			buildActionMask = 2147483647;
			files = (
			);
			runOnlyForDeploymentPostprocessing = 0;
		};
		5D10A52E2DAD64E700BD54E5 /* Sources */ = {
			isa = PBXSourcesBuildPhase;
			buildActionMask = 2147483647;
			files = (
			);
			runOnlyForDeploymentPostprocessing = 0;
		};
/* End PBXSourcesBuildPhase section */

/* Begin PBXTargetDependency section */
		5D10A52A2DAD64E700BD54E5 /* PBXTargetDependency */ = {
			isa = PBXTargetDependency;
			target = 5D10A51A2DAD64E600BD54E5 /* cardentification */;
			targetProxy = 5D10A5292DAD64E700BD54E5 /* PBXContainerItemProxy */;
		};
		5D10A5342DAD64E700BD54E5 /* PBXTargetDependency */ = {
			isa = PBXTargetDependency;
			target = 5D10A51A2DAD64E600BD54E5 /* cardentification */;
			targetProxy = 5D10A5332DAD64E700BD54E5 /* PBXContainerItemProxy */;
		};
/* End PBXTargetDependency section */

/* Begin XCBuildConfiguration section */
		5D10A53A2DAD64E700BD54E5 /* Debug */ = {
			isa = XCBuildConfiguration;
			baseConfigurationReference = 60EB8E662DB1051300CF6B6D /* Config.xcconfig */;
			buildSettings = {
				ALWAYS_SEARCH_USER_PATHS = NO;
				ASSETCATALOG_COMPILER_GENERATE_SWIFT_ASSET_SYMBOL_EXTENSIONS = YES;
				CLANG_ANALYZER_NONNULL = YES;
				CLANG_ANALYZER_NUMBER_OBJECT_CONVERSION = YES_AGGRESSIVE;
				CLANG_CXX_LANGUAGE_STANDARD = "gnu++20";
				CLANG_ENABLE_MODULES = YES;
				CLANG_ENABLE_OBJC_ARC = YES;
				CLANG_ENABLE_OBJC_WEAK = YES;
				CLANG_WARN_BLOCK_CAPTURE_AUTORELEASING = YES;
				CLANG_WARN_BOOL_CONVERSION = YES;
				CLANG_WARN_COMMA = YES;
				CLANG_WARN_CONSTANT_CONVERSION = YES;
				CLANG_WARN_DEPRECATED_OBJC_IMPLEMENTATIONS = YES;
				CLANG_WARN_DIRECT_OBJC_ISA_USAGE = YES_ERROR;
				CLANG_WARN_DOCUMENTATION_COMMENTS = YES;
				CLANG_WARN_EMPTY_BODY = YES;
				CLANG_WARN_ENUM_CONVERSION = YES;
				CLANG_WARN_INFINITE_RECURSION = YES;
				CLANG_WARN_INT_CONVERSION = YES;
				CLANG_WARN_NON_LITERAL_NULL_CONVERSION = YES;
				CLANG_WARN_OBJC_IMPLICIT_RETAIN_SELF = YES;
				CLANG_WARN_OBJC_LITERAL_CONVERSION = YES;
				CLANG_WARN_OBJC_ROOT_CLASS = YES_ERROR;
				CLANG_WARN_QUOTED_INCLUDE_IN_FRAMEWORK_HEADER = YES;
				CLANG_WARN_RANGE_LOOP_ANALYSIS = YES;
				CLANG_WARN_STRICT_PROTOTYPES = YES;
				CLANG_WARN_SUSPICIOUS_MOVE = YES;
				CLANG_WARN_UNGUARDED_AVAILABILITY = YES_AGGRESSIVE;
				CLANG_WARN_UNREACHABLE_CODE = YES;
				CLANG_WARN__DUPLICATE_METHOD_MATCH = YES;
				COPY_PHASE_STRIP = NO;
				DEBUG_INFORMATION_FORMAT = dwarf;
				DEVELOPMENT_TEAM = N235UH6QBL;
				ENABLE_STRICT_OBJC_MSGSEND = YES;
				ENABLE_TESTABILITY = YES;
				ENABLE_USER_SCRIPT_SANDBOXING = YES;
				GCC_C_LANGUAGE_STANDARD = gnu17;
				GCC_DYNAMIC_NO_PIC = NO;
				GCC_NO_COMMON_BLOCKS = YES;
				GCC_OPTIMIZATION_LEVEL = 0;
				GCC_PREPROCESSOR_DEFINITIONS = (
					"DEBUG=1",
					"$(inherited)",
				);
				GCC_WARN_64_TO_32_BIT_CONVERSION = YES;
				GCC_WARN_ABOUT_RETURN_TYPE = YES_ERROR;
				GCC_WARN_UNDECLARED_SELECTOR = YES;
				GCC_WARN_UNINITIALIZED_AUTOS = YES_AGGRESSIVE;
				GCC_WARN_UNUSED_FUNCTION = YES;
				GCC_WARN_UNUSED_VARIABLE = YES;
				IPHONEOS_DEPLOYMENT_TARGET = 18.4;
				LOCALIZATION_PREFERS_STRING_CATALOGS = YES;
				MTL_ENABLE_DEBUG_INFO = INCLUDE_SOURCE;
				MTL_FAST_MATH = YES;
				ONLY_ACTIVE_ARCH = YES;
				SDKROOT = iphoneos;
				SWIFT_ACTIVE_COMPILATION_CONDITIONS = "DEBUG $(inherited)";
				SWIFT_OPTIMIZATION_LEVEL = "-Onone";
			};
			name = Debug;
		};
		5D10A53B2DAD64E700BD54E5 /* Release */ = {
			isa = XCBuildConfiguration;
			baseConfigurationReference = 60EB8E662DB1051300CF6B6D /* Config.xcconfig */;
			buildSettings = {
				ALWAYS_SEARCH_USER_PATHS = NO;
				ASSETCATALOG_COMPILER_GENERATE_SWIFT_ASSET_SYMBOL_EXTENSIONS = YES;
				CLANG_ANALYZER_NONNULL = YES;
				CLANG_ANALYZER_NUMBER_OBJECT_CONVERSION = YES_AGGRESSIVE;
				CLANG_CXX_LANGUAGE_STANDARD = "gnu++20";
				CLANG_ENABLE_MODULES = YES;
				CLANG_ENABLE_OBJC_ARC = YES;
				CLANG_ENABLE_OBJC_WEAK = YES;
				CLANG_WARN_BLOCK_CAPTURE_AUTORELEASING = YES;
				CLANG_WARN_BOOL_CONVERSION = YES;
				CLANG_WARN_COMMA = YES;
				CLANG_WARN_CONSTANT_CONVERSION = YES;
				CLANG_WARN_DEPRECATED_OBJC_IMPLEMENTATIONS = YES;
				CLANG_WARN_DIRECT_OBJC_ISA_USAGE = YES_ERROR;
				CLANG_WARN_DOCUMENTATION_COMMENTS = YES;
				CLANG_WARN_EMPTY_BODY = YES;
				CLANG_WARN_ENUM_CONVERSION = YES;
				CLANG_WARN_INFINITE_RECURSION = YES;
				CLANG_WARN_INT_CONVERSION = YES;
				CLANG_WARN_NON_LITERAL_NULL_CONVERSION = YES;
				CLANG_WARN_OBJC_IMPLICIT_RETAIN_SELF = YES;
				CLANG_WARN_OBJC_LITERAL_CONVERSION = YES;
				CLANG_WARN_OBJC_ROOT_CLASS = YES_ERROR;
				CLANG_WARN_QUOTED_INCLUDE_IN_FRAMEWORK_HEADER = YES;
				CLANG_WARN_RANGE_LOOP_ANALYSIS = YES;
				CLANG_WARN_STRICT_PROTOTYPES = YES;
				CLANG_WARN_SUSPICIOUS_MOVE = YES;
				CLANG_WARN_UNGUARDED_AVAILABILITY = YES_AGGRESSIVE;
				CLANG_WARN_UNREACHABLE_CODE = YES;
				CLANG_WARN__DUPLICATE_METHOD_MATCH = YES;
				COPY_PHASE_STRIP = NO;
				DEBUG_INFORMATION_FORMAT = "dwarf-with-dsym";
				DEVELOPMENT_TEAM = N235UH6QBL;
				ENABLE_NS_ASSERTIONS = NO;
				ENABLE_STRICT_OBJC_MSGSEND = YES;
				ENABLE_USER_SCRIPT_SANDBOXING = YES;
				GCC_C_LANGUAGE_STANDARD = gnu17;
				GCC_NO_COMMON_BLOCKS = YES;
				GCC_WARN_64_TO_32_BIT_CONVERSION = YES;
				GCC_WARN_ABOUT_RETURN_TYPE = YES_ERROR;
				GCC_WARN_UNDECLARED_SELECTOR = YES;
				GCC_WARN_UNINITIALIZED_AUTOS = YES_AGGRESSIVE;
				GCC_WARN_UNUSED_FUNCTION = YES;
				GCC_WARN_UNUSED_VARIABLE = YES;
				IPHONEOS_DEPLOYMENT_TARGET = 18.4;
				LOCALIZATION_PREFERS_STRING_CATALOGS = YES;
				MTL_ENABLE_DEBUG_INFO = NO;
				MTL_FAST_MATH = YES;
				SDKROOT = iphoneos;
				SWIFT_COMPILATION_MODE = wholemodule;
				VALIDATE_PRODUCT = YES;
			};
			name = Release;
		};
		5D10A53D2DAD64E700BD54E5 /* Debug */ = {
			isa = XCBuildConfiguration;
			baseConfigurationReference = 60EB8E662DB1051300CF6B6D /* Config.xcconfig */;
			buildSettings = {
				ASSETCATALOG_COMPILER_APPICON_NAME = AppIcon;
				ASSETCATALOG_COMPILER_GLOBAL_ACCENT_COLOR_NAME = AccentColor;
				CODE_SIGN_STYLE = Automatic;
				CURRENT_PROJECT_VERSION = 1;
				DEVELOPMENT_TEAM = N235UH6QBL;
				ENABLE_PREVIEWS = YES;
				GENERATE_INFOPLIST_FILE = YES;
				INFOPLIST_FILE = cardentification/Info.plist;
				INFOPLIST_KEY_UIApplicationSceneManifest_Generation = YES;
				INFOPLIST_KEY_UIApplicationSupportsIndirectInputEvents = YES;
				INFOPLIST_KEY_UILaunchScreen_Generation = YES;
				INFOPLIST_KEY_UISupportedInterfaceOrientations_iPad = "UIInterfaceOrientationPortrait UIInterfaceOrientationPortraitUpsideDown UIInterfaceOrientationLandscapeLeft UIInterfaceOrientationLandscapeRight";
				INFOPLIST_KEY_UISupportedInterfaceOrientations_iPhone = "UIInterfaceOrientationPortrait UIInterfaceOrientationLandscapeLeft UIInterfaceOrientationLandscapeRight";
				IPHONEOS_DEPLOYMENT_TARGET = 16.6;
				LD_RUNPATH_SEARCH_PATHS = (
					"$(inherited)",
					"@executable_path/Frameworks",
				);
				MARKETING_VERSION = 1.0;
				PRODUCT_BUNDLE_IDENTIFIER = com.minglegao.cardentification;
				PRODUCT_NAME = "$(TARGET_NAME)";
				SWIFT_EMIT_LOC_STRINGS = YES;
				SWIFT_VERSION = 5.0;
				TARGETED_DEVICE_FAMILY = "1,2";
			};
			name = Debug;
		};
		5D10A53E2DAD64E700BD54E5 /* Release */ = {
			isa = XCBuildConfiguration;
			baseConfigurationReference = 60EB8E662DB1051300CF6B6D /* Config.xcconfig */;
			buildSettings = {
				ASSETCATALOG_COMPILER_APPICON_NAME = AppIcon;
				ASSETCATALOG_COMPILER_GLOBAL_ACCENT_COLOR_NAME = AccentColor;
				CODE_SIGN_STYLE = Automatic;
				CURRENT_PROJECT_VERSION = 1;
				DEVELOPMENT_TEAM = N235UH6QBL;
				ENABLE_PREVIEWS = YES;
				GENERATE_INFOPLIST_FILE = YES;
				INFOPLIST_FILE = cardentification/Info.plist;
				INFOPLIST_KEY_UIApplicationSceneManifest_Generation = YES;
				INFOPLIST_KEY_UIApplicationSupportsIndirectInputEvents = YES;
				INFOPLIST_KEY_UILaunchScreen_Generation = YES;
				INFOPLIST_KEY_UISupportedInterfaceOrientations_iPad = "UIInterfaceOrientationPortrait UIInterfaceOrientationPortraitUpsideDown UIInterfaceOrientationLandscapeLeft UIInterfaceOrientationLandscapeRight";
				INFOPLIST_KEY_UISupportedInterfaceOrientations_iPhone = "UIInterfaceOrientationPortrait UIInterfaceOrientationLandscapeLeft UIInterfaceOrientationLandscapeRight";
				IPHONEOS_DEPLOYMENT_TARGET = 16.6;
				LD_RUNPATH_SEARCH_PATHS = (
					"$(inherited)",
					"@executable_path/Frameworks",
				);
				MARKETING_VERSION = 1.0;
				PRODUCT_BUNDLE_IDENTIFIER = com.minglegao.cardentification;
				PRODUCT_NAME = "$(TARGET_NAME)";
				SWIFT_EMIT_LOC_STRINGS = YES;
				SWIFT_VERSION = 5.0;
				TARGETED_DEVICE_FAMILY = "1,2";
			};
			name = Release;
		};
		5D10A5402DAD64E700BD54E5 /* Debug */ = {
			isa = XCBuildConfiguration;
			baseConfigurationReference = 60EB8E662DB1051300CF6B6D /* Config.xcconfig */;
			buildSettings = {
				BUNDLE_LOADER = "$(TEST_HOST)";
				CODE_SIGN_STYLE = Automatic;
				CURRENT_PROJECT_VERSION = 1;
				DEVELOPMENT_TEAM = N235UH6QBL;
				GENERATE_INFOPLIST_FILE = YES;
				IPHONEOS_DEPLOYMENT_TARGET = 18.4;
				MARKETING_VERSION = 1.0;
				PRODUCT_BUNDLE_IDENTIFIER = com.minglegao.cardentificationTests;
				PRODUCT_NAME = "$(TARGET_NAME)";
				SWIFT_EMIT_LOC_STRINGS = NO;
				SWIFT_VERSION = 5.0;
				TARGETED_DEVICE_FAMILY = "1,2";
				TEST_HOST = "$(BUILT_PRODUCTS_DIR)/cardentification.app/$(BUNDLE_EXECUTABLE_FOLDER_PATH)/cardentification";
			};
			name = Debug;
		};
		5D10A5412DAD64E700BD54E5 /* Release */ = {
			isa = XCBuildConfiguration;
			baseConfigurationReference = 60EB8E662DB1051300CF6B6D /* Config.xcconfig */;
			buildSettings = {
				BUNDLE_LOADER = "$(TEST_HOST)";
				CODE_SIGN_STYLE = Automatic;
				CURRENT_PROJECT_VERSION = 1;
				DEVELOPMENT_TEAM = N235UH6QBL;
				GENERATE_INFOPLIST_FILE = YES;
				IPHONEOS_DEPLOYMENT_TARGET = 18.4;
				MARKETING_VERSION = 1.0;
				PRODUCT_BUNDLE_IDENTIFIER = com.minglegao.cardentificationTests;
				PRODUCT_NAME = "$(TARGET_NAME)";
				SWIFT_EMIT_LOC_STRINGS = NO;
				SWIFT_VERSION = 5.0;
				TARGETED_DEVICE_FAMILY = "1,2";
				TEST_HOST = "$(BUILT_PRODUCTS_DIR)/cardentification.app/$(BUNDLE_EXECUTABLE_FOLDER_PATH)/cardentification";
			};
			name = Release;
		};
		5D10A5432DAD64E700BD54E5 /* Debug */ = {
			isa = XCBuildConfiguration;
			baseConfigurationReference = 60EB8E662DB1051300CF6B6D /* Config.xcconfig */;
			buildSettings = {
				CODE_SIGN_STYLE = Automatic;
				CURRENT_PROJECT_VERSION = 1;
				DEVELOPMENT_TEAM = N235UH6QBL;
				GENERATE_INFOPLIST_FILE = YES;
				MARKETING_VERSION = 1.0;
				PRODUCT_BUNDLE_IDENTIFIER = com.minglegao.cardentificationUITests;
				PRODUCT_NAME = "$(TARGET_NAME)";
				SWIFT_EMIT_LOC_STRINGS = NO;
				SWIFT_VERSION = 5.0;
				TARGETED_DEVICE_FAMILY = "1,2";
				TEST_TARGET_NAME = cardentification;
			};
			name = Debug;
		};
		5D10A5442DAD64E700BD54E5 /* Release */ = {
			isa = XCBuildConfiguration;
			baseConfigurationReference = 60EB8E662DB1051300CF6B6D /* Config.xcconfig */;
			buildSettings = {
				CODE_SIGN_STYLE = Automatic;
				CURRENT_PROJECT_VERSION = 1;
				DEVELOPMENT_TEAM = N235UH6QBL;
				GENERATE_INFOPLIST_FILE = YES;
				MARKETING_VERSION = 1.0;
				PRODUCT_BUNDLE_IDENTIFIER = com.minglegao.cardentificationUITests;
				PRODUCT_NAME = "$(TARGET_NAME)";
				SWIFT_EMIT_LOC_STRINGS = NO;
				SWIFT_VERSION = 5.0;
				TARGETED_DEVICE_FAMILY = "1,2";
				TEST_TARGET_NAME = cardentification;
			};
			name = Release;
		};
/* End XCBuildConfiguration section */

/* Begin XCConfigurationList section */
		5D10A5162DAD64E600BD54E5 /* Build configuration list for PBXProject "cardentification" */ = {
			isa = XCConfigurationList;
			buildConfigurations = (
				5D10A53A2DAD64E700BD54E5 /* Debug */,
				5D10A53B2DAD64E700BD54E5 /* Release */,
			);
			defaultConfigurationIsVisible = 0;
			defaultConfigurationName = Release;
		};
		5D10A53C2DAD64E700BD54E5 /* Build configuration list for PBXNativeTarget "cardentification" */ = {
			isa = XCConfigurationList;
			buildConfigurations = (
				5D10A53D2DAD64E700BD54E5 /* Debug */,
				5D10A53E2DAD64E700BD54E5 /* Release */,
			);
			defaultConfigurationIsVisible = 0;
			defaultConfigurationName = Release;
		};
		5D10A53F2DAD64E700BD54E5 /* Build configuration list for PBXNativeTarget "cardentificationTests" */ = {
			isa = XCConfigurationList;
			buildConfigurations = (
				5D10A5402DAD64E700BD54E5 /* Debug */,
				5D10A5412DAD64E700BD54E5 /* Release */,
			);
			defaultConfigurationIsVisible = 0;
			defaultConfigurationName = Release;
		};
		5D10A5422DAD64E700BD54E5 /* Build configuration list for PBXNativeTarget "cardentificationUITests" */ = {
			isa = XCConfigurationList;
			buildConfigurations = (
				5D10A5432DAD64E700BD54E5 /* Debug */,
				5D10A5442DAD64E700BD54E5 /* Release */,
			);
			defaultConfigurationIsVisible = 0;
			defaultConfigurationName = Release;
		};
/* End XCConfigurationList section */
	};
	rootObject = 5D10A5132DAD64E600BD54E5 /* Project object */;
}
